
Microsoft Visual Studio Solution File, Format Version 12.00
# Visual Studio Version 17
VisualStudioVersion = 17.8.34525.116
MinimumVisualStudioVersion = 10.0.40219.1
Project("{FAE04EC0-301F-11D3-BF4B-00C04F79EFBC}") = "game-life", "game-life\game-life.csproj", "{A34B8DC7-B38F-4C3B-8D39-9F08E3857B1C}"
EndProject
Global
	GlobalSection(SolutionConfigurationPlatforms) = preSolution
		Debug|Any CPU = Debug|Any CPU
		Release|Any CPU = Release|Any CPU
	EndGlobalSection
	GlobalSection(ProjectConfigurationPlatforms) = postSolution
		{A34B8DC7-B38F-4C3B-8D39-9F08E3857B1C}.Debug|Any CPU.ActiveCfg = Debug|Any CPU
		{A34B8DC7-B38F-4C3B-8D39-9F08E3857B1C}.Debug|Any CPU.Build.0 = Debug|Any CPU
		{A34B8DC7-B38F-4C3B-8D39-9F08E3857B1C}.Release|Any CPU.ActiveCfg = Release|Any CPU
		{A34B8DC7-B38F-4C3B-8D39-9F08E3857B1C}.Release|Any CPU.Build.0 = Release|Any CPU
	EndGlobalSection
	GlobalSection(SolutionProperties) = preSolution
		HideSolutionNode = FALSE
	EndGlobalSection
	GlobalSection(ExtensibilityGlobals) = postSolution
		SolutionGuid = {A0653816-3B5C-47E9-84C9-53B4F9E206A6}
	EndGlobalSection
EndGlobal
